// !$*UTF8*$!
{
	archiveVersion = 1;
	classes = {
	};
	objectVersion = 55;
	objects = {

/* Begin PBXBuildFile section */
		43725ED12702F7B5004B32CB /* Recipe_AppApp.swift in Sources */ = {isa = PBXBuildFile; fileRef = 43725ED02702F7B5004B32CB /* Recipe_AppApp.swift */; };
		43725ED32702F7B5004B32CB /* ContentView.swift in Sources */ = {isa = PBXBuildFile; fileRef = 43725ED22702F7B5004B32CB /* ContentView.swift */; };
		43725ED52702F7B8004B32CB /* Assets.xcassets in Resources */ = {isa = PBXBuildFile; fileRef = 43725ED42702F7B8004B32CB /* Assets.xcassets */; };
		43725ED82702F7B8004B32CB /* Preview Assets.xcassets in Resources */ = {isa = PBXBuildFile; fileRef = 43725ED72702F7B8004B32CB /* Preview Assets.xcassets */; };
		43725EE02702F80D004B32CB /* Webservice.swift in Sources */ = {isa = PBXBuildFile; fileRef = 43725EDF2702F80C004B32CB /* Webservice.swift */; };
		43725EE32702FAA7004B32CB /* RecipeCategoryResponse.swift in Sources */ = {isa = PBXBuildFile; fileRef = 43725EE22702FAA6004B32CB /* RecipeCategoryResponse.swift */; };
		43725EE62702FB74004B32CB /* RecipeCategoryListViewModel.swift in Sources */ = {isa = PBXBuildFile; fileRef = 43725EE52702FB74004B32CB /* RecipeCategoryListViewModel.swift */; };
		43725EE92702FBF6004B32CB /* Constants.swift in Sources */ = {isa = PBXBuildFile; fileRef = 43725EE82702FBF6004B32CB /* Constants.swift */; };
		43725EEC2703000D004B32CB /* RecipeCategoryListScreen.swift in Sources */ = {isa = PBXBuildFile; fileRef = 43725EEB2703000D004B32CB /* RecipeCategoryListScreen.swift */; };
		43725EEF27030107004B32CB /* RecipeCategoryListView.swift in Sources */ = {isa = PBXBuildFile; fileRef = 43725EEE27030107004B32CB /* RecipeCategoryListView.swift */; };
		43725EF127030193004B32CB /* RecipeCategoryCellView.swift in Sources */ = {isa = PBXBuildFile; fileRef = 43725EF027030193004B32CB /* RecipeCategoryCellView.swift */; };
		43725EF32703057B004B32CB /* RecipeListScreen.swift in Sources */ = {isa = PBXBuildFile; fileRef = 43725EF22703057B004B32CB /* RecipeListScreen.swift */; };
		43725EF5270306A8004B32CB /* RecipeListViewModel.swift in Sources */ = {isa = PBXBuildFile; fileRef = 43725EF4270306A8004B32CB /* RecipeListViewModel.swift */; };
		43725EF727030756004B32CB /* Recipe.swift in Sources */ = {isa = PBXBuildFile; fileRef = 43725EF627030756004B32CB /* Recipe.swift */; };
/* End PBXBuildFile section */

/* Begin PBXFileReference section */
		43725ECD2702F7B5004B32CB /* Recipe App.app */ = {isa = PBXFileReference; explicitFileType = wrapper.application; includeInIndex = 0; path = "Recipe App.app"; sourceTree = BUILT_PRODUCTS_DIR; };
		43725ED02702F7B5004B32CB /* Recipe_AppApp.swift */ = {isa = PBXFileReference; lastKnownFileType = sourcecode.swift; path = Recipe_AppApp.swift; sourceTree = "<group>"; };
		43725ED22702F7B5004B32CB /* ContentView.swift */ = {isa = PBXFileReference; lastKnownFileType = sourcecode.swift; path = ContentView.swift; sourceTree = "<group>"; };
		43725ED42702F7B8004B32CB /* Assets.xcassets */ = {isa = PBXFileReference; lastKnownFileType = folder.assetcatalog; path = Assets.xcassets; sourceTree = "<group>"; };
		43725ED72702F7B8004B32CB /* Preview Assets.xcassets */ = {isa = PBXFileReference; lastKnownFileType = folder.assetcatalog; path = "Preview Assets.xcassets"; sourceTree = "<group>"; };
		43725EDF2702F80C004B32CB /* Webservice.swift */ = {isa = PBXFileReference; lastKnownFileType = sourcecode.swift; path = Webservice.swift; sourceTree = "<group>"; };
		43725EE22702FAA6004B32CB /* RecipeCategoryResponse.swift */ = {isa = PBXFileReference; lastKnownFileType = sourcecode.swift; path = RecipeCategoryResponse.swift; sourceTree = "<group>"; };
		43725EE52702FB74004B32CB /* RecipeCategoryListViewModel.swift */ = {isa = PBXFileReference; lastKnownFileType = sourcecode.swift; path = RecipeCategoryListViewModel.swift; sourceTree = "<group>"; };
		43725EE82702FBF6004B32CB /* Constants.swift */ = {isa = PBXFileReference; lastKnownFileType = sourcecode.swift; path = Constants.swift; sourceTree = "<group>"; };
		43725EEB2703000D004B32CB /* RecipeCategoryListScreen.swift */ = {isa = PBXFileReference; lastKnownFileType = sourcecode.swift; path = RecipeCategoryListScreen.swift; sourceTree = "<group>"; };
		43725EEE27030107004B32CB /* RecipeCategoryListView.swift */ = {isa = PBXFileReference; lastKnownFileType = sourcecode.swift; path = RecipeCategoryListView.swift; sourceTree = "<group>"; };
		43725EF027030193004B32CB /* RecipeCategoryCellView.swift */ = {isa = PBXFileReference; lastKnownFileType = sourcecode.swift; path = RecipeCategoryCellView.swift; sourceTree = "<group>"; };
		43725EF22703057B004B32CB /* RecipeListScreen.swift */ = {isa = PBXFileReference; lastKnownFileType = sourcecode.swift; path = RecipeListScreen.swift; sourceTree = "<group>"; };
		43725EF4270306A8004B32CB /* RecipeListViewModel.swift */ = {isa = PBXFileReference; lastKnownFileType = sourcecode.swift; path = RecipeListViewModel.swift; sourceTree = "<group>"; };
		43725EF627030756004B32CB /* Recipe.swift */ = {isa = PBXFileReference; lastKnownFileType = sourcecode.swift; path = Recipe.swift; sourceTree = "<group>"; };
/* End PBXFileReference section */

/* Begin PBXFrameworksBuildPhase section */
		43725ECA2702F7B5004B32CB /* Frameworks */ = {
			isa = PBXFrameworksBuildPhase;
			buildActionMask = 2147483647;
			files = (
			);
			runOnlyForDeploymentPostprocessing = 0;
		};
/* End PBXFrameworksBuildPhase section */

/* Begin PBXGroup section */
		43725EC42702F7B5004B32CB = {
			isa = PBXGroup;
			children = (
				43725ECF2702F7B5004B32CB /* Recipe App */,
				43725ECE2702F7B5004B32CB /* Products */,
			);
			sourceTree = "<group>";
		};
		43725ECE2702F7B5004B32CB /* Products */ = {
			isa = PBXGroup;
			children = (
				43725ECD2702F7B5004B32CB /* Recipe App.app */,
			);
			name = Products;
			sourceTree = "<group>";
		};
		43725ECF2702F7B5004B32CB /* Recipe App */ = {
			isa = PBXGroup;
			children = (
				43725EED270300E7004B32CB /* Views */,
				43725EEA2702FFE4004B32CB /* Screens */,
				43725EE72702FBE1004B32CB /* Utils */,
				43725EE42702FB36004B32CB /* View Models */,
				43725EE12702FA79004B32CB /* Models */,
				43725EDE2702F7E2004B32CB /* Services */,
				43725ED02702F7B5004B32CB /* Recipe_AppApp.swift */,
				43725ED22702F7B5004B32CB /* ContentView.swift */,
				43725ED42702F7B8004B32CB /* Assets.xcassets */,
				43725ED62702F7B8004B32CB /* Preview Content */,
			);
			path = "Recipe App";
			sourceTree = "<group>";
		};
		43725ED62702F7B8004B32CB /* Preview Content */ = {
			isa = PBXGroup;
			children = (
				43725ED72702F7B8004B32CB /* Preview Assets.xcassets */,
			);
			path = "Preview Content";
			sourceTree = "<group>";
		};
		43725EDE2702F7E2004B32CB /* Services */ = {
			isa = PBXGroup;
			children = (
				43725EDF2702F80C004B32CB /* Webservice.swift */,
			);
			path = Services;
			sourceTree = "<group>";
		};
		43725EE12702FA79004B32CB /* Models */ = {
			isa = PBXGroup;
			children = (
				43725EE22702FAA6004B32CB /* RecipeCategoryResponse.swift */,
				43725EF627030756004B32CB /* Recipe.swift */,
			);
			path = Models;
			sourceTree = "<group>";
		};
		43725EE42702FB36004B32CB /* View Models */ = {
			isa = PBXGroup;
			children = (
				43725EE52702FB74004B32CB /* RecipeCategoryListViewModel.swift */,
				43725EF4270306A8004B32CB /* RecipeListViewModel.swift */,
			);
			path = "View Models";
			sourceTree = "<group>";
		};
		43725EE72702FBE1004B32CB /* Utils */ = {
			isa = PBXGroup;
			children = (
				43725EE82702FBF6004B32CB /* Constants.swift */,
			);
			path = Utils;
			sourceTree = "<group>";
		};
		43725EEA2702FFE4004B32CB /* Screens */ = {
			isa = PBXGroup;
			children = (
				43725EEB2703000D004B32CB /* RecipeCategoryListScreen.swift */,
				43725EF22703057B004B32CB /* RecipeListScreen.swift */,
			);
			path = Screens;
			sourceTree = "<group>";
		};
		43725EED270300E7004B32CB /* Views */ = {
			isa = PBXGroup;
			children = (
				43725EEE27030107004B32CB /* RecipeCategoryListView.swift */,
				43725EF027030193004B32CB /* RecipeCategoryCellView.swift */,
			);
			path = Views;
			sourceTree = "<group>";
		};
/* End PBXGroup section */

/* Begin PBXNativeTarget section */
		43725ECC2702F7B5004B32CB /* Recipe App */ = {
			isa = PBXNativeTarget;
			buildConfigurationList = 43725EDB2702F7B8004B32CB /* Build configuration list for PBXNativeTarget "Recipe App" */;
			buildPhases = (
				43725EC92702F7B5004B32CB /* Sources */,
				43725ECA2702F7B5004B32CB /* Frameworks */,
				43725ECB2702F7B5004B32CB /* Resources */,
			);
			buildRules = (
			);
			dependencies = (
			);
			name = "Recipe App";
			productName = "Recipe App";
			productReference = 43725ECD2702F7B5004B32CB /* Recipe App.app */;
			productType = "com.apple.product-type.application";
		};
/* End PBXNativeTarget section */

/* Begin PBXProject section */
		43725EC52702F7B5004B32CB /* Project object */ = {
			isa = PBXProject;
			attributes = {
				BuildIndependentTargetsInParallel = 1;
				LastSwiftUpdateCheck = 1300;
				LastUpgradeCheck = 1300;
				TargetAttributes = {
					43725ECC2702F7B5004B32CB = {
						CreatedOnToolsVersion = 13.0;
					};
				};
			};
			buildConfigurationList = 43725EC82702F7B5004B32CB /* Build configuration list for PBXProject "Recipe App" */;
			compatibilityVersion = "Xcode 13.0";
			developmentRegion = en;
			hasScannedForEncodings = 0;
			knownRegions = (
				en,
				Base,
			);
			mainGroup = 43725EC42702F7B5004B32CB;
			productRefGroup = 43725ECE2702F7B5004B32CB /* Products */;
			projectDirPath = "";
			projectRoot = "";
			targets = (
				43725ECC2702F7B5004B32CB /* Recipe App */,
			);
		};
/* End PBXProject section */

/* Begin PBXResourcesBuildPhase section */
		43725ECB2702F7B5004B32CB /* Resources */ = {
			isa = PBXResourcesBuildPhase;
			buildActionMask = 2147483647;
			files = (
				43725ED82702F7B8004B32CB /* Preview Assets.xcassets in Resources */,
				43725ED52702F7B8004B32CB /* Assets.xcassets in Resources */,
			);
			runOnlyForDeploymentPostprocessing = 0;
		};
/* End PBXResourcesBuildPhase section */

/* Begin PBXSourcesBuildPhase section */
		43725EC92702F7B5004B32CB /* Sources */ = {
			isa = PBXSourcesBuildPhase;
			buildActionMask = 2147483647;
			files = (
				43725EF5270306A8004B32CB /* RecipeListViewModel.swift in Sources */,
				43725EEC2703000D004B32CB /* RecipeCategoryListScreen.swift in Sources */,
				43725EE62702FB74004B32CB /* RecipeCategoryListViewModel.swift in Sources */,
				43725EF727030756004B32CB /* Recipe.swift in Sources */,
				43725EE32702FAA7004B32CB /* RecipeCategoryResponse.swift in Sources */,
				43725ED32702F7B5004B32CB /* ContentView.swift in Sources */,
				43725EEF27030107004B32CB /* RecipeCategoryListView.swift in Sources */,
				43725EF32703057B004B32CB /* RecipeListScreen.swift in Sources */,
				43725ED12702F7B5004B32CB /* Recipe_AppApp.swift in Sources */,
				43725EE02702F80D004B32CB /* Webservice.swift in Sources */,
				43725EE92702FBF6004B32CB /* Constants.swift in Sources */,
				43725EF127030193004B32CB /* RecipeCategoryCellView.swift in Sources */,
			);
			runOnlyForDeploymentPostprocessing = 0;
		};
/* End PBXSourcesBuildPhase section */

/* Begin XCBuildConfiguration section */
		43725ED92702F7B8004B32CB /* Debug */ = {
			isa = XCBuildConfiguration;
			buildSettings = {
				ALWAYS_SEARCH_USER_PATHS = NO;
				CLANG_ANALYZER_NONNULL = YES;
				CLANG_ANALYZER_NUMBER_OBJECT_CONVERSION = YES_AGGRESSIVE;
				CLANG_CXX_LANGUAGE_STANDARD = "gnu++17";
				CLANG_CXX_LIBRARY = "libc++";
				CLANG_ENABLE_MODULES = YES;
				CLANG_ENABLE_OBJC_ARC = YES;
				CLANG_ENABLE_OBJC_WEAK = YES;
				CLANG_WARN_BLOCK_CAPTURE_AUTORELEASING = YES;
				CLANG_WARN_BOOL_CONVERSION = YES;
				CLANG_WARN_COMMA = YES;
				CLANG_WARN_CONSTANT_CONVERSION = YES;
				CLANG_WARN_DEPRECATED_OBJC_IMPLEMENTATIONS = YES;
				CLANG_WARN_DIRECT_OBJC_ISA_USAGE = YES_ERROR;
				CLANG_WARN_DOCUMENTATION_COMMENTS = YES;
				CLANG_WARN_EMPTY_BODY = YES;
				CLANG_WARN_ENUM_CONVERSION = YES;
				CLANG_WARN_INFINITE_RECURSION = YES;
				CLANG_WARN_INT_CONVERSION = YES;
				CLANG_WARN_NON_LITERAL_NULL_CONVERSION = YES;
				CLANG_WARN_OBJC_IMPLICIT_RETAIN_SELF = YES;
				CLANG_WARN_OBJC_LITERAL_CONVERSION = YES;
				CLANG_WARN_OBJC_ROOT_CLASS = YES_ERROR;
				CLANG_WARN_QUOTED_INCLUDE_IN_FRAMEWORK_HEADER = YES;
				CLANG_WARN_RANGE_LOOP_ANALYSIS = YES;
				CLANG_WARN_STRICT_PROTOTYPES = YES;
				CLANG_WARN_SUSPICIOUS_MOVE = YES;
				CLANG_WARN_UNGUARDED_AVAILABILITY = YES_AGGRESSIVE;
				CLANG_WARN_UNREACHABLE_CODE = YES;
				CLANG_WARN__DUPLICATE_METHOD_MATCH = YES;
				COPY_PHASE_STRIP = NO;
				DEBUG_INFORMATION_FORMAT = dwarf;
				ENABLE_STRICT_OBJC_MSGSEND = YES;
				ENABLE_TESTABILITY = YES;
				GCC_C_LANGUAGE_STANDARD = gnu11;
				GCC_DYNAMIC_NO_PIC = NO;
				GCC_NO_COMMON_BLOCKS = YES;
				GCC_OPTIMIZATION_LEVEL = 0;
				GCC_PREPROCESSOR_DEFINITIONS = (
					"DEBUG=1",
					"$(inherited)",
				);
				GCC_WARN_64_TO_32_BIT_CONVERSION = YES;
				GCC_WARN_ABOUT_RETURN_TYPE = YES_ERROR;
				GCC_WARN_UNDECLARED_SELECTOR = YES;
				GCC_WARN_UNINITIALIZED_AUTOS = YES_AGGRESSIVE;
				GCC_WARN_UNUSED_FUNCTION = YES;
				GCC_WARN_UNUSED_VARIABLE = YES;
				IPHONEOS_DEPLOYMENT_TARGET = 15.0;
				MTL_ENABLE_DEBUG_INFO = INCLUDE_SOURCE;
				MTL_FAST_MATH = YES;
				ONLY_ACTIVE_ARCH = YES;
				SDKROOT = iphoneos;
				SWIFT_ACTIVE_COMPILATION_CONDITIONS = DEBUG;
				SWIFT_OPTIMIZATION_LEVEL = "-Onone";
			};
			name = Debug;
		};
		43725EDA2702F7B8004B32CB /* Release */ = {
			isa = XCBuildConfiguration;
			buildSettings = {
				ALWAYS_SEARCH_USER_PATHS = NO;
				CLANG_ANALYZER_NONNULL = YES;
				CLANG_ANALYZER_NUMBER_OBJECT_CONVERSION = YES_AGGRESSIVE;
				CLANG_CXX_LANGUAGE_STANDARD = "gnu++17";
				CLANG_CXX_LIBRARY = "libc++";
				CLANG_ENABLE_MODULES = YES;
				CLANG_ENABLE_OBJC_ARC = YES;
				CLANG_ENABLE_OBJC_WEAK = YES;
				CLANG_WARN_BLOCK_CAPTURE_AUTORELEASING = YES;
				CLANG_WARN_BOOL_CONVERSION = YES;
				CLANG_WARN_COMMA = YES;
				CLANG_WARN_CONSTANT_CONVERSION = YES;
				CLANG_WARN_DEPRECATED_OBJC_IMPLEMENTATIONS = YES;
				CLANG_WARN_DIRECT_OBJC_ISA_USAGE = YES_ERROR;
				CLANG_WARN_DOCUMENTATION_COMMENTS = YES;
				CLANG_WARN_EMPTY_BODY = YES;
				CLANG_WARN_ENUM_CONVERSION = YES;
				CLANG_WARN_INFINITE_RECURSION = YES;
				CLANG_WARN_INT_CONVERSION = YES;
				CLANG_WARN_NON_LITERAL_NULL_CONVERSION = YES;
				CLANG_WARN_OBJC_IMPLICIT_RETAIN_SELF = YES;
				CLANG_WARN_OBJC_LITERAL_CONVERSION = YES;
				CLANG_WARN_OBJC_ROOT_CLASS = YES_ERROR;
				CLANG_WARN_QUOTED_INCLUDE_IN_FRAMEWORK_HEADER = YES;
				CLANG_WARN_RANGE_LOOP_ANALYSIS = YES;
				CLANG_WARN_STRICT_PROTOTYPES = YES;
				CLANG_WARN_SUSPICIOUS_MOVE = YES;
				CLANG_WARN_UNGUARDED_AVAILABILITY = YES_AGGRESSIVE;
				CLANG_WARN_UNREACHABLE_CODE = YES;
				CLANG_WARN__DUPLICATE_METHOD_MATCH = YES;
				COPY_PHASE_STRIP = NO;
				DEBUG_INFORMATION_FORMAT = "dwarf-with-dsym";
				ENABLE_NS_ASSERTIONS = NO;
				ENABLE_STRICT_OBJC_MSGSEND = YES;
				GCC_C_LANGUAGE_STANDARD = gnu11;
				GCC_NO_COMMON_BLOCKS = YES;
				GCC_WARN_64_TO_32_BIT_CONVERSION = YES;
				GCC_WARN_ABOUT_RETURN_TYPE = YES_ERROR;
				GCC_WARN_UNDECLARED_SELECTOR = YES;
				GCC_WARN_UNINITIALIZED_AUTOS = YES_AGGRESSIVE;
				GCC_WARN_UNUSED_FUNCTION = YES;
				GCC_WARN_UNUSED_VARIABLE = YES;
				IPHONEOS_DEPLOYMENT_TARGET = 15.0;
				MTL_ENABLE_DEBUG_INFO = NO;
				MTL_FAST_MATH = YES;
				SDKROOT = iphoneos;
				SWIFT_COMPILATION_MODE = wholemodule;
				SWIFT_OPTIMIZATION_LEVEL = "-O";
				VALIDATE_PRODUCT = YES;
			};
			name = Release;
		};
		43725EDC2702F7B8004B32CB /* Debug */ = {
			isa = XCBuildConfiguration;
			buildSettings = {
				ASSETCATALOG_COMPILER_APPICON_NAME = AppIcon;
				ASSETCATALOG_COMPILER_GLOBAL_ACCENT_COLOR_NAME = AccentColor;
				CODE_SIGN_STYLE = Automatic;
				CURRENT_PROJECT_VERSION = 1;
				DEVELOPMENT_ASSET_PATHS = "\"Recipe App/Preview Content\"";
				DEVELOPMENT_TEAM = QAHF5QF5CA;
				ENABLE_PREVIEWS = YES;
				GENERATE_INFOPLIST_FILE = YES;
				INFOPLIST_KEY_UIApplicationSceneManifest_Generation = YES;
				INFOPLIST_KEY_UIApplicationSupportsIndirectInputEvents = YES;
				INFOPLIST_KEY_UILaunchScreen_Generation = YES;
				INFOPLIST_KEY_UISupportedInterfaceOrientations_iPad = "UIInterfaceOrientationPortrait UIInterfaceOrientationPortraitUpsideDown UIInterfaceOrientationLandscapeLeft UIInterfaceOrientationLandscapeRight";
				INFOPLIST_KEY_UISupportedInterfaceOrientations_iPhone = "UIInterfaceOrientationPortrait UIInterfaceOrientationLandscapeLeft UIInterfaceOrientationLandscapeRight";
				IPHONEOS_DEPLOYMENT_TARGET = 14.0;
				LD_RUNPATH_SEARCH_PATHS = (
					"$(inherited)",
					"@executable_path/Frameworks",
				);
				MARKETING_VERSION = 1.0;
				PRODUCT_BUNDLE_IDENTIFIER = "com.gaalbaat.Recipe-App";
				PRODUCT_NAME = "$(TARGET_NAME)";
				SWIFT_EMIT_LOC_STRINGS = YES;
				SWIFT_VERSION = 5.0;
				TARGETED_DEVICE_FAMILY = "1,2";
			};
			name = Debug;
		};
		43725EDD2702F7B8004B32CB /* Release */ = {
			isa = XCBuildConfiguration;
			buildSettings = {
				ASSETCATALOG_COMPILER_APPICON_NAME = AppIcon;
				ASSETCATALOG_COMPILER_GLOBAL_ACCENT_COLOR_NAME = AccentColor;
				CODE_SIGN_STYLE = Automatic;
				CURRENT_PROJECT_VERSION = 1;
				DEVELOPMENT_ASSET_PATHS = "\"Recipe App/Preview Content\"";
				DEVELOPMENT_TEAM = QAHF5QF5CA;
				ENABLE_PREVIEWS = YES;
				GENERATE_INFOPLIST_FILE = YES;
				INFOPLIST_KEY_UIApplicationSceneManifest_Generation = YES;
				INFOPLIST_KEY_UIApplicationSupportsIndirectInputEvents = YES;
				INFOPLIST_KEY_UILaunchScreen_Generation = YES;
				INFOPLIST_KEY_UISupportedInterfaceOrientations_iPad = "UIInterfaceOrientationPortrait UIInterfaceOrientationPortraitUpsideDown UIInterfaceOrientationLandscapeLeft UIInterfaceOrientationLandscapeRight";
				INFOPLIST_KEY_UISupportedInterfaceOrientations_iPhone = "UIInterfaceOrientationPortrait UIInterfaceOrientationLandscapeLeft UIInterfaceOrientationLandscapeRight";
				IPHONEOS_DEPLOYMENT_TARGET = 14.0;
				LD_RUNPATH_SEARCH_PATHS = (
					"$(inherited)",
					"@executable_path/Frameworks",
				);
				MARKETING_VERSION = 1.0;
				PRODUCT_BUNDLE_IDENTIFIER = "com.gaalbaat.Recipe-App";
				PRODUCT_NAME = "$(TARGET_NAME)";
				SWIFT_EMIT_LOC_STRINGS = YES;
				SWIFT_VERSION = 5.0;
				TARGETED_DEVICE_FAMILY = "1,2";
			};
			name = Release;
		};
/* End XCBuildConfiguration section */

/* Begin XCConfigurationList section */
		43725EC82702F7B5004B32CB /* Build configuration list for PBXProject "Recipe App" */ = {
			isa = XCConfigurationList;
			buildConfigurations = (
				43725ED92702F7B8004B32CB /* Debug */,
				43725EDA2702F7B8004B32CB /* Release */,
			);
			defaultConfigurationIsVisible = 0;
			defaultConfigurationName = Release;
		};
		43725EDB2702F7B8004B32CB /* Build configuration list for PBXNativeTarget "Recipe App" */ = {
			isa = XCConfigurationList;
			buildConfigurations = (
				43725EDC2702F7B8004B32CB /* Debug */,
				43725EDD2702F7B8004B32CB /* Release */,
			);
			defaultConfigurationIsVisible = 0;
			defaultConfigurationName = Release;
		};
/* End XCConfigurationList section */
	};
	rootObject = 43725EC52702F7B5004B32CB /* Project object */;
}
